// !$*UTF8*$!
{
	archiveVersion = 1;
	classes = {
	};
	objectVersion = 56;
	objects = {

/* Begin PBXBuildFile section */
		8D9640872990AB31005A9DF9 /* UserPreferences.swift in Sources */ = {isa = PBXBuildFile; fileRef = 8D9640862990AB31005A9DF9 /* UserPreferences.swift */; };
		8D9640892990C4C4005A9DF9 /* DetailConstnts.swift in Sources */ = {isa = PBXBuildFile; fileRef = 8D9640882990C4C4005A9DF9 /* DetailConstnts.swift */; };
		8DA263EC298CA96D00352A6D /* AppDelegate.swift in Sources */ = {isa = PBXBuildFile; fileRef = 8DA263EB298CA96D00352A6D /* AppDelegate.swift */; };
		8DA263EE298CA96D00352A6D /* SceneDelegate.swift in Sources */ = {isa = PBXBuildFile; fileRef = 8DA263ED298CA96D00352A6D /* SceneDelegate.swift */; };
		8DA263F5298CA97000352A6D /* Assets.xcassets in Resources */ = {isa = PBXBuildFile; fileRef = 8DA263F4298CA97000352A6D /* Assets.xcassets */; };
		8DA263F8298CA97000352A6D /* LaunchScreen.storyboard in Resources */ = {isa = PBXBuildFile; fileRef = 8DA263F6298CA97000352A6D /* LaunchScreen.storyboard */; };
		8DA26406298CAAF900352A6D /* MainViewController.swift in Sources */ = {isa = PBXBuildFile; fileRef = 8DA26404298CAAF900352A6D /* MainViewController.swift */; };
		8DA26407298CAAF900352A6D /* MainViewController.xib in Resources */ = {isa = PBXBuildFile; fileRef = 8DA26405298CAAF900352A6D /* MainViewController.xib */; };
		8DA2640A298CB1B600352A6D /* AQI.swift in Sources */ = {isa = PBXBuildFile; fileRef = 8DA26409298CB1B600352A6D /* AQI.swift */; };
		8DA2640C298CB45800352A6D /* NetworkManager.swift in Sources */ = {isa = PBXBuildFile; fileRef = 8DA2640B298CB45800352A6D /* NetworkManager.swift */; };
		8DA2640E298CBA2200352A6D /* NetworkConstants.swift in Sources */ = {isa = PBXBuildFile; fileRef = 8DA2640D298CBA2200352A6D /* NetworkConstants.swift */; };
		8DA26412298CDEAE00352A6D /* AQITableViewCell.swift in Sources */ = {isa = PBXBuildFile; fileRef = 8DA26410298CDEAE00352A6D /* AQITableViewCell.swift */; };
		8DA26413298CDEAE00352A6D /* AQITableViewCell.xib in Resources */ = {isa = PBXBuildFile; fileRef = 8DA26411298CDEAE00352A6D /* AQITableViewCell.xib */; };
		8DA26416298CE34700352A6D /* String+Extensions.swift in Sources */ = {isa = PBXBuildFile; fileRef = 8DA26415298CE34700352A6D /* String+Extensions.swift */; };
		8DA26418298CE48D00352A6D /* UIViewController+Extensions.swift in Sources */ = {isa = PBXBuildFile; fileRef = 8DA26417298CE48D00352A6D /* UIViewController+Extensions.swift */; };
		8DA2641F298CF5F700352A6D /* DetailViewController.swift in Sources */ = {isa = PBXBuildFile; fileRef = 8DA2641D298CF5F700352A6D /* DetailViewController.swift */; };
		8DA26420298CF5F700352A6D /* DetailViewController.xib in Resources */ = {isa = PBXBuildFile; fileRef = 8DA2641E298CF5F700352A6D /* DetailViewController.xib */; };
/* End PBXBuildFile section */

/* Begin PBXFileReference section */
		8D9640862990AB31005A9DF9 /* UserPreferences.swift */ = {isa = PBXFileReference; lastKnownFileType = sourcecode.swift; path = UserPreferences.swift; sourceTree = "<group>"; };
		8D9640882990C4C4005A9DF9 /* DetailConstnts.swift */ = {isa = PBXFileReference; lastKnownFileType = sourcecode.swift; path = DetailConstnts.swift; sourceTree = "<group>"; };
		8DA263E8298CA96D00352A6D /* CallAPIExample.app */ = {isa = PBXFileReference; explicitFileType = wrapper.application; includeInIndex = 0; path = CallAPIExample.app; sourceTree = BUILT_PRODUCTS_DIR; };
		8DA263EB298CA96D00352A6D /* AppDelegate.swift */ = {isa = PBXFileReference; lastKnownFileType = sourcecode.swift; path = AppDelegate.swift; sourceTree = "<group>"; };
		8DA263ED298CA96D00352A6D /* SceneDelegate.swift */ = {isa = PBXFileReference; lastKnownFileType = sourcecode.swift; path = SceneDelegate.swift; sourceTree = "<group>"; };
		8DA263F4298CA97000352A6D /* Assets.xcassets */ = {isa = PBXFileReference; lastKnownFileType = folder.assetcatalog; path = Assets.xcassets; sourceTree = "<group>"; };
		8DA263F7298CA97000352A6D /* Base */ = {isa = PBXFileReference; lastKnownFileType = file.storyboard; name = Base; path = Base.lproj/LaunchScreen.storyboard; sourceTree = "<group>"; };
		8DA263F9298CA97000352A6D /* Info.plist */ = {isa = PBXFileReference; lastKnownFileType = text.plist.xml; path = Info.plist; sourceTree = "<group>"; };
		8DA26404298CAAF900352A6D /* MainViewController.swift */ = {isa = PBXFileReference; lastKnownFileType = sourcecode.swift; path = MainViewController.swift; sourceTree = "<group>"; };
		8DA26405298CAAF900352A6D /* MainViewController.xib */ = {isa = PBXFileReference; lastKnownFileType = file.xib; path = MainViewController.xib; sourceTree = "<group>"; };
		8DA26409298CB1B600352A6D /* AQI.swift */ = {isa = PBXFileReference; lastKnownFileType = sourcecode.swift; path = AQI.swift; sourceTree = "<group>"; };
		8DA2640B298CB45800352A6D /* NetworkManager.swift */ = {isa = PBXFileReference; lastKnownFileType = sourcecode.swift; path = NetworkManager.swift; sourceTree = "<group>"; };
		8DA2640D298CBA2200352A6D /* NetworkConstants.swift */ = {isa = PBXFileReference; lastKnownFileType = sourcecode.swift; path = NetworkConstants.swift; sourceTree = "<group>"; };
		8DA26410298CDEAE00352A6D /* AQITableViewCell.swift */ = {isa = PBXFileReference; lastKnownFileType = sourcecode.swift; path = AQITableViewCell.swift; sourceTree = "<group>"; };
		8DA26411298CDEAE00352A6D /* AQITableViewCell.xib */ = {isa = PBXFileReference; lastKnownFileType = file.xib; path = AQITableViewCell.xib; sourceTree = "<group>"; };
		8DA26415298CE34700352A6D /* String+Extensions.swift */ = {isa = PBXFileReference; lastKnownFileType = sourcecode.swift; path = "String+Extensions.swift"; sourceTree = "<group>"; };
		8DA26417298CE48D00352A6D /* UIViewController+Extensions.swift */ = {isa = PBXFileReference; lastKnownFileType = sourcecode.swift; path = "UIViewController+Extensions.swift"; sourceTree = "<group>"; };
		8DA2641D298CF5F700352A6D /* DetailViewController.swift */ = {isa = PBXFileReference; lastKnownFileType = sourcecode.swift; path = DetailViewController.swift; sourceTree = "<group>"; };
		8DA2641E298CF5F700352A6D /* DetailViewController.xib */ = {isa = PBXFileReference; lastKnownFileType = file.xib; path = DetailViewController.xib; sourceTree = "<group>"; };
/* End PBXFileReference section */

/* Begin PBXFrameworksBuildPhase section */
		8DA263E5298CA96D00352A6D /* Frameworks */ = {
			isa = PBXFrameworksBuildPhase;
			buildActionMask = 2147483647;
			files = (
			);
			runOnlyForDeploymentPostprocessing = 0;
		};
/* End PBXFrameworksBuildPhase section */

/* Begin PBXGroup section */
		8DA263DF298CA96D00352A6D = {
			isa = PBXGroup;
			children = (
				8DA263EA298CA96D00352A6D /* CallAPIExample */,
				8DA263E9298CA96D00352A6D /* Products */,
			);
			sourceTree = "<group>";
		};
		8DA263E9298CA96D00352A6D /* Products */ = {
			isa = PBXGroup;
			children = (
				8DA263E8298CA96D00352A6D /* CallAPIExample.app */,
			);
			name = Products;
			sourceTree = "<group>";
		};
		8DA263EA298CA96D00352A6D /* CallAPIExample */ = {
			isa = PBXGroup;
			children = (
				8DA26414298CE32200352A6D /* Extensions */,
				8DA26408298CB19B00352A6D /* Model */,
				8DA263FF298CAA4500352A6D /* Controller */,
				8DA263EB298CA96D00352A6D /* AppDelegate.swift */,
				8DA263ED298CA96D00352A6D /* SceneDelegate.swift */,
				8DA263F4298CA97000352A6D /* Assets.xcassets */,
				8DA263F6298CA97000352A6D /* LaunchScreen.storyboard */,
				8DA263F9298CA97000352A6D /* Info.plist */,
			);
			path = CallAPIExample;
			sourceTree = "<group>";
		};
		8DA263FF298CAA4500352A6D /* Controller */ = {
			isa = PBXGroup;
			children = (
				8DA2640F298CDE7500352A6D /* Components */,
				8DA26404298CAAF900352A6D /* MainViewController.swift */,
				8DA26405298CAAF900352A6D /* MainViewController.xib */,
				8DA2641D298CF5F700352A6D /* DetailViewController.swift */,
				8DA2641E298CF5F700352A6D /* DetailViewController.xib */,
			);
			path = Controller;
			sourceTree = "<group>";
		};
		8DA26408298CB19B00352A6D /* Model */ = {
			isa = PBXGroup;
			children = (
				8DA26409298CB1B600352A6D /* AQI.swift */,
				8DA2640B298CB45800352A6D /* NetworkManager.swift */,
				8DA2640D298CBA2200352A6D /* NetworkConstants.swift */,
				8D9640862990AB31005A9DF9 /* UserPreferences.swift */,
				8D9640882990C4C4005A9DF9 /* DetailConstnts.swift */,
			);
			path = Model;
			sourceTree = "<group>";
		};
		8DA2640F298CDE7500352A6D /* Components */ = {
			isa = PBXGroup;
			children = (
				8DA26410298CDEAE00352A6D /* AQITableViewCell.swift */,
				8DA26411298CDEAE00352A6D /* AQITableViewCell.xib */,
			);
			path = Components;
			sourceTree = "<group>";
		};
		8DA26414298CE32200352A6D /* Extensions */ = {
			isa = PBXGroup;
			children = (
				8DA26415298CE34700352A6D /* String+Extensions.swift */,
				8DA26417298CE48D00352A6D /* UIViewController+Extensions.swift */,
			);
			path = Extensions;
			sourceTree = "<group>";
		};
/* End PBXGroup section */

/* Begin PBXNativeTarget section */
		8DA263E7298CA96D00352A6D /* CallAPIExample */ = {
			isa = PBXNativeTarget;
			buildConfigurationList = 8DA263FC298CA97000352A6D /* Build configuration list for PBXNativeTarget "CallAPIExample" */;
			buildPhases = (
				8DA263E4298CA96D00352A6D /* Sources */,
				8DA263E5298CA96D00352A6D /* Frameworks */,
				8DA263E6298CA96D00352A6D /* Resources */,
			);
			buildRules = (
			);
			dependencies = (
			);
			name = CallAPIExample;
			productName = CallAPIExample;
			productReference = 8DA263E8298CA96D00352A6D /* CallAPIExample.app */;
			productType = "com.apple.product-type.application";
		};
/* End PBXNativeTarget section */

/* Begin PBXProject section */
		8DA263E0298CA96D00352A6D /* Project object */ = {
			isa = PBXProject;
			attributes = {
				BuildIndependentTargetsInParallel = 1;
				LastSwiftUpdateCheck = 1420;
				LastUpgradeCheck = 1420;
				TargetAttributes = {
					8DA263E7298CA96D00352A6D = {
						CreatedOnToolsVersion = 14.2;
					};
				};
			};
			buildConfigurationList = 8DA263E3298CA96D00352A6D /* Build configuration list for PBXProject "CallAPIExample" */;
			compatibilityVersion = "Xcode 14.0";
			developmentRegion = en;
			hasScannedForEncodings = 0;
			knownRegions = (
				en,
				Base,
			);
			mainGroup = 8DA263DF298CA96D00352A6D;
			productRefGroup = 8DA263E9298CA96D00352A6D /* Products */;
			projectDirPath = "";
			projectRoot = "";
			targets = (
				8DA263E7298CA96D00352A6D /* CallAPIExample */,
			);
		};
/* End PBXProject section */

/* Begin PBXResourcesBuildPhase section */
		8DA263E6298CA96D00352A6D /* Resources */ = {
			isa = PBXResourcesBuildPhase;
			buildActionMask = 2147483647;
			files = (
				8DA263F8298CA97000352A6D /* LaunchScreen.storyboard in Resources */,
				8DA26407298CAAF900352A6D /* MainViewController.xib in Resources */,
				8DA26420298CF5F700352A6D /* DetailViewController.xib in Resources */,
				8DA263F5298CA97000352A6D /* Assets.xcassets in Resources */,
				8DA26413298CDEAE00352A6D /* AQITableViewCell.xib in Resources */,
			);
			runOnlyForDeploymentPostprocessing = 0;
		};
/* End PBXResourcesBuildPhase section */

/* Begin PBXSourcesBuildPhase section */
		8DA263E4298CA96D00352A6D /* Sources */ = {
			isa = PBXSourcesBuildPhase;
			buildActionMask = 2147483647;
			files = (
				8DA2640E298CBA2200352A6D /* NetworkConstants.swift in Sources */,
				8DA26406298CAAF900352A6D /* MainViewController.swift in Sources */,
				8DA263EC298CA96D00352A6D /* AppDelegate.swift in Sources */,
				8DA2640C298CB45800352A6D /* NetworkManager.swift in Sources */,
				8DA26418298CE48D00352A6D /* UIViewController+Extensions.swift in Sources */,
				8DA26416298CE34700352A6D /* String+Extensions.swift in Sources */,
				8D9640892990C4C4005A9DF9 /* DetailConstnts.swift in Sources */,
				8DA26412298CDEAE00352A6D /* AQITableViewCell.swift in Sources */,
				8DA2641F298CF5F700352A6D /* DetailViewController.swift in Sources */,
				8DA263EE298CA96D00352A6D /* SceneDelegate.swift in Sources */,
				8DA2640A298CB1B600352A6D /* AQI.swift in Sources */,
				8D9640872990AB31005A9DF9 /* UserPreferences.swift in Sources */,
			);
			runOnlyForDeploymentPostprocessing = 0;
		};
/* End PBXSourcesBuildPhase section */

/* Begin PBXVariantGroup section */
		8DA263F6298CA97000352A6D /* LaunchScreen.storyboard */ = {
			isa = PBXVariantGroup;
			children = (
				8DA263F7298CA97000352A6D /* Base */,
			);
			name = LaunchScreen.storyboard;
			sourceTree = "<group>";
		};
/* End PBXVariantGroup section */

/* Begin XCBuildConfiguration section */
		8DA263FA298CA97000352A6D /* Debug */ = {
			isa = XCBuildConfiguration;
			buildSettings = {
				ALWAYS_SEARCH_USER_PATHS = NO;
				CLANG_ANALYZER_NONNULL = YES;
				CLANG_ANALYZER_NUMBER_OBJECT_CONVERSION = YES_AGGRESSIVE;
				CLANG_CXX_LANGUAGE_STANDARD = "gnu++20";
				CLANG_ENABLE_MODULES = YES;
				CLANG_ENABLE_OBJC_ARC = YES;
				CLANG_ENABLE_OBJC_WEAK = YES;
				CLANG_WARN_BLOCK_CAPTURE_AUTORELEASING = YES;
				CLANG_WARN_BOOL_CONVERSION = YES;
				CLANG_WARN_COMMA = YES;
				CLANG_WARN_CONSTANT_CONVERSION = YES;
				CLANG_WARN_DEPRECATED_OBJC_IMPLEMENTATIONS = YES;
				CLANG_WARN_DIRECT_OBJC_ISA_USAGE = YES_ERROR;
				CLANG_WARN_DOCUMENTATION_COMMENTS = YES;
				CLANG_WARN_EMPTY_BODY = YES;
				CLANG_WARN_ENUM_CONVERSION = YES;
				CLANG_WARN_INFINITE_RECURSION = YES;
				CLANG_WARN_INT_CONVERSION = YES;
				CLANG_WARN_NON_LITERAL_NULL_CONVERSION = YES;
				CLANG_WARN_OBJC_IMPLICIT_RETAIN_SELF = YES;
				CLANG_WARN_OBJC_LITERAL_CONVERSION = YES;
				CLANG_WARN_OBJC_ROOT_CLASS = YES_ERROR;
				CLANG_WARN_QUOTED_INCLUDE_IN_FRAMEWORK_HEADER = YES;
				CLANG_WARN_RANGE_LOOP_ANALYSIS = YES;
				CLANG_WARN_STRICT_PROTOTYPES = YES;
				CLANG_WARN_SUSPICIOUS_MOVE = YES;
				CLANG_WARN_UNGUARDED_AVAILABILITY = YES_AGGRESSIVE;
				CLANG_WARN_UNREACHABLE_CODE = YES;
				CLANG_WARN__DUPLICATE_METHOD_MATCH = YES;
				COPY_PHASE_STRIP = NO;
				DEBUG_INFORMATION_FORMAT = dwarf;
				ENABLE_STRICT_OBJC_MSGSEND = YES;
				ENABLE_TESTABILITY = YES;
				GCC_C_LANGUAGE_STANDARD = gnu11;
				GCC_DYNAMIC_NO_PIC = NO;
				GCC_NO_COMMON_BLOCKS = YES;
				GCC_OPTIMIZATION_LEVEL = 0;
				GCC_PREPROCESSOR_DEFINITIONS = (
					"DEBUG=1",
					"$(inherited)",
				);
				GCC_WARN_64_TO_32_BIT_CONVERSION = YES;
				GCC_WARN_ABOUT_RETURN_TYPE = YES_ERROR;
				GCC_WARN_UNDECLARED_SELECTOR = YES;
				GCC_WARN_UNINITIALIZED_AUTOS = YES_AGGRESSIVE;
				GCC_WARN_UNUSED_FUNCTION = YES;
				GCC_WARN_UNUSED_VARIABLE = YES;
				IPHONEOS_DEPLOYMENT_TARGET = 16.2;
				MTL_ENABLE_DEBUG_INFO = INCLUDE_SOURCE;
				MTL_FAST_MATH = YES;
				ONLY_ACTIVE_ARCH = YES;
				SDKROOT = iphoneos;
				SWIFT_ACTIVE_COMPILATION_CONDITIONS = DEBUG;
				SWIFT_OPTIMIZATION_LEVEL = "-Onone";
			};
			name = Debug;
		};
		8DA263FB298CA97000352A6D /* Release */ = {
			isa = XCBuildConfiguration;
			buildSettings = {
				ALWAYS_SEARCH_USER_PATHS = NO;
				CLANG_ANALYZER_NONNULL = YES;
				CLANG_ANALYZER_NUMBER_OBJECT_CONVERSION = YES_AGGRESSIVE;
				CLANG_CXX_LANGUAGE_STANDARD = "gnu++20";
				CLANG_ENABLE_MODULES = YES;
				CLANG_ENABLE_OBJC_ARC = YES;
				CLANG_ENABLE_OBJC_WEAK = YES;
				CLANG_WARN_BLOCK_CAPTURE_AUTORELEASING = YES;
				CLANG_WARN_BOOL_CONVERSION = YES;
				CLANG_WARN_COMMA = YES;
				CLANG_WARN_CONSTANT_CONVERSION = YES;
				CLANG_WARN_DEPRECATED_OBJC_IMPLEMENTATIONS = YES;
				CLANG_WARN_DIRECT_OBJC_ISA_USAGE = YES_ERROR;
				CLANG_WARN_DOCUMENTATION_COMMENTS = YES;
				CLANG_WARN_EMPTY_BODY = YES;
				CLANG_WARN_ENUM_CONVERSION = YES;
				CLANG_WARN_INFINITE_RECURSION = YES;
				CLANG_WARN_INT_CONVERSION = YES;
				CLANG_WARN_NON_LITERAL_NULL_CONVERSION = YES;
				CLANG_WARN_OBJC_IMPLICIT_RETAIN_SELF = YES;
				CLANG_WARN_OBJC_LITERAL_CONVERSION = YES;
				CLANG_WARN_OBJC_ROOT_CLASS = YES_ERROR;
				CLANG_WARN_QUOTED_INCLUDE_IN_FRAMEWORK_HEADER = YES;
				CLANG_WARN_RANGE_LOOP_ANALYSIS = YES;
				CLANG_WARN_STRICT_PROTOTYPES = YES;
				CLANG_WARN_SUSPICIOUS_MOVE = YES;
				CLANG_WARN_UNGUARDED_AVAILABILITY = YES_AGGRESSIVE;
				CLANG_WARN_UNREACHABLE_CODE = YES;
				CLANG_WARN__DUPLICATE_METHOD_MATCH = YES;
				COPY_PHASE_STRIP = NO;
				DEBUG_INFORMATION_FORMAT = "dwarf-with-dsym";
				ENABLE_NS_ASSERTIONS = NO;
				ENABLE_STRICT_OBJC_MSGSEND = YES;
				GCC_C_LANGUAGE_STANDARD = gnu11;
				GCC_NO_COMMON_BLOCKS = YES;
				GCC_WARN_64_TO_32_BIT_CONVERSION = YES;
				GCC_WARN_ABOUT_RETURN_TYPE = YES_ERROR;
				GCC_WARN_UNDECLARED_SELECTOR = YES;
				GCC_WARN_UNINITIALIZED_AUTOS = YES_AGGRESSIVE;
				GCC_WARN_UNUSED_FUNCTION = YES;
				GCC_WARN_UNUSED_VARIABLE = YES;
				IPHONEOS_DEPLOYMENT_TARGET = 16.2;
				MTL_ENABLE_DEBUG_INFO = NO;
				MTL_FAST_MATH = YES;
				SDKROOT = iphoneos;
				SWIFT_COMPILATION_MODE = wholemodule;
				SWIFT_OPTIMIZATION_LEVEL = "-O";
				VALIDATE_PRODUCT = YES;
			};
			name = Release;
		};
		8DA263FD298CA97000352A6D /* Debug */ = {
			isa = XCBuildConfiguration;
			buildSettings = {
				ASSETCATALOG_COMPILER_APPICON_NAME = AppIcon;
				ASSETCATALOG_COMPILER_GLOBAL_ACCENT_COLOR_NAME = AccentColor;
				CODE_SIGN_STYLE = Automatic;
				CURRENT_PROJECT_VERSION = 1;
				GENERATE_INFOPLIST_FILE = YES;
				INFOPLIST_FILE = CallAPIExample/Info.plist;
				INFOPLIST_KEY_UIApplicationSupportsIndirectInputEvents = YES;
				INFOPLIST_KEY_UILaunchStoryboardName = LaunchScreen;
				INFOPLIST_KEY_UISupportedInterfaceOrientations_iPad = "UIInterfaceOrientationPortrait UIInterfaceOrientationPortraitUpsideDown UIInterfaceOrientationLandscapeLeft UIInterfaceOrientationLandscapeRight";
				INFOPLIST_KEY_UISupportedInterfaceOrientations_iPhone = "UIInterfaceOrientationPortrait UIInterfaceOrientationLandscapeLeft UIInterfaceOrientationLandscapeRight";
				LD_RUNPATH_SEARCH_PATHS = (
					"$(inherited)",
					"@executable_path/Frameworks",
				);
				MARKETING_VERSION = 1.0;
				PRODUCT_BUNDLE_IDENTIFIER = com.chocolee.CallAPIExample;
				PRODUCT_NAME = "$(TARGET_NAME)";
				SWIFT_EMIT_LOC_STRINGS = YES;
				SWIFT_VERSION = 5.0;
				TARGETED_DEVICE_FAMILY = "1,2";
			};
			name = Debug;
		};
		8DA263FE298CA97000352A6D /* Release */ = {
			isa = XCBuildConfiguration;
			buildSettings = {
				ASSETCATALOG_COMPILER_APPICON_NAME = AppIcon;
				ASSETCATALOG_COMPILER_GLOBAL_ACCENT_COLOR_NAME = AccentColor;
				CODE_SIGN_STYLE = Automatic;
				CURRENT_PROJECT_VERSION = 1;
				GENERATE_INFOPLIST_FILE = YES;
				INFOPLIST_FILE = CallAPIExample/Info.plist;
				INFOPLIST_KEY_UIApplicationSupportsIndirectInputEvents = YES;
				INFOPLIST_KEY_UILaunchStoryboardName = LaunchScreen;
				INFOPLIST_KEY_UISupportedInterfaceOrientations_iPad = "UIInterfaceOrientationPortrait UIInterfaceOrientationPortraitUpsideDown UIInterfaceOrientationLandscapeLeft UIInterfaceOrientationLandscapeRight";
				INFOPLIST_KEY_UISupportedInterfaceOrientations_iPhone = "UIInterfaceOrientationPortrait UIInterfaceOrientationLandscapeLeft UIInterfaceOrientationLandscapeRight";
				LD_RUNPATH_SEARCH_PATHS = (
					"$(inherited)",
					"@executable_path/Frameworks",
				);
				MARKETING_VERSION = 1.0;
				PRODUCT_BUNDLE_IDENTIFIER = com.chocolee.CallAPIExample;
				PRODUCT_NAME = "$(TARGET_NAME)";
				SWIFT_EMIT_LOC_STRINGS = YES;
				SWIFT_VERSION = 5.0;
				TARGETED_DEVICE_FAMILY = "1,2";
			};
			name = Release;
		};
/* End XCBuildConfiguration section */

/* Begin XCConfigurationList section */
		8DA263E3298CA96D00352A6D /* Build configuration list for PBXProject "CallAPIExample" */ = {
			isa = XCConfigurationList;
			buildConfigurations = (
				8DA263FA298CA97000352A6D /* Debug */,
				8DA263FB298CA97000352A6D /* Release */,
			);
			defaultConfigurationIsVisible = 0;
			defaultConfigurationName = Release;
		};
		8DA263FC298CA97000352A6D /* Build configuration list for PBXNativeTarget "CallAPIExample" */ = {
			isa = XCConfigurationList;
			buildConfigurations = (
				8DA263FD298CA97000352A6D /* Debug */,
				8DA263FE298CA97000352A6D /* Release */,
			);
			defaultConfigurationIsVisible = 0;
			defaultConfigurationName = Release;
		};
/* End XCConfigurationList section */
	};
	rootObject = 8DA263E0298CA96D00352A6D /* Project object */;
}
